{
  "name": "@timelaps/string",
  "version": "1.0.7",
  "lockfileVersion": 1,
  "requires": true,
  "dependencies": {
    "@timelaps/array": {
      "version": "1.0.23",
      "resolved": "https://registry.npmjs.org/@timelaps/array/-/array-1.0.23.tgz",
      "integrity": "sha512-ybI5Pt9Mop4tydY9UCJ47nIPaScEN90XJY1dUVdoQ2kkOHTZBWZ2kmrOnU5tO3iWJvZgrb4l1W4DOV6Xg/aAZw==",
      "requires": {
        "@timelaps/constants": "1.0.6",
        "@timelaps/fn": "1.0.19",
        "@timelaps/is": "1.0.15",
        "@timelaps/n": "1.0.40",
        "@timelaps/object": "1.0.23",
        "@timelaps/to": "1.0.11"
      }
    },
    "@timelaps/batterie": {
      "version": "1.0.75",
      "resolved": "https://registry.npmjs.org/@timelaps/batterie/-/batterie-1.0.75.tgz",
      "integrity": "sha512-8tR1fou4/r+ZC3nVYr53XQrvfoWKUQP53Xmcl3lN49akhHT8rIk/NUIw2fmSKeh1cU9SzYsKpXJGuECVb799jw==",
      "dev": true,
      "requires": {
        "matters": "1.0.3",
        "minimatch": "3.0.4",
        "mkdirp": "0.5.1"
      }
    },
    "@timelaps/constants": {
      "version": "1.0.6",
      "resolved": "https://registry.npmjs.org/@timelaps/constants/-/constants-1.0.6.tgz",
      "integrity": "sha512-GaREk9rHjhVTjYjCysUGLXnOMvuPIR3Ll/EiQmk6TBM0xfaYEZ69wr4sU5uBe4E0XIq2rkOkTxersR/CoIxYGg=="
    },
    "@timelaps/fn": {
      "version": "1.0.19",
      "resolved": "https://registry.npmjs.org/@timelaps/fn/-/fn-1.0.19.tgz",
      "integrity": "sha512-ETuCQ7wq5v+shGVzoZ6McSqAF1RxIjK7ElJhrTqEGjPFSTmM2oyGzvQLOmgZ/N3AIs2VNErAI3CX/GTBEj2l9g==",
      "requires": {
        "@timelaps/hacks": "1.0.7",
        "@timelaps/is": "1.0.15",
        "@timelaps/json": "1.0.4",
        "@timelaps/returns": "1.0.2",
        "@timelaps/to": "1.0.11"
      }
    },
    "@timelaps/hacks": {
      "version": "1.0.7",
      "resolved": "https://registry.npmjs.org/@timelaps/hacks/-/hacks-1.0.7.tgz",
      "integrity": "sha512-oKyqKCTpyt/egSfJKkQXZzSvMkGxkuut+gQxRwCcrolt3uzvGD4Upm9nkFFZl4ghLIUwH62wf42d64QzDgylKA=="
    },
    "@timelaps/is": {
      "version": "1.0.15",
      "resolved": "https://registry.npmjs.org/@timelaps/is/-/is-1.0.15.tgz",
      "integrity": "sha512-ECBCFt6wADIVvW/XZWnqjkMRY76cbhBYtBQz99e6ATHVgenNcM6Mxrt/MQ2TiMNMoUMDGvR1I2Vm6JtQTy2WAg==",
      "requires": {
        "@timelaps/constants": "1.0.6",
        "@timelaps/hacks": "1.0.7"
      }
    },
    "@timelaps/json": {
      "version": "1.0.4",
      "resolved": "https://registry.npmjs.org/@timelaps/json/-/json-1.0.4.tgz",
      "integrity": "sha512-SdCr5rrEkQjjdRMHjtGrXSlOTiXz1kRNwa0NiFbDrmOOolrd7FC65vEvLXS0WxVHwTSd3cK4k0wEbrEudstAnQ==",
      "requires": {
        "@timelaps/is": "1.0.15"
      }
    },
    "@timelaps/n": {
      "version": "1.0.40",
      "resolved": "https://registry.npmjs.org/@timelaps/n/-/n-1.0.40.tgz",
      "integrity": "sha512-9nWSvXygFtQaEy8WqK4FoIPMzHs/6IOhJIXkVZrnaUEOD5IdzCbZnSOYNiosWKt/1eyob9Kq+HW8M+LFV7kOTg==",
      "requires": {
        "@timelaps/constants": "1.0.6",
        "@timelaps/fn": "1.0.19",
        "@timelaps/hacks": "1.0.7",
        "@timelaps/is": "1.0.15",
        "@timelaps/number": "1.0.3",
        "@timelaps/polyfill": "1.0.17",
        "@timelaps/returns": "1.0.2",
        "@timelaps/to": "1.0.11"
      }
    },
    "@timelaps/number": {
      "version": "1.0.3",
      "resolved": "https://registry.npmjs.org/@timelaps/number/-/number-1.0.3.tgz",
      "integrity": "sha512-5702JUworpAROrwEQMjA3imgUpibsmNYdp0RGtmJiR5jqJ3+SfJaa70e3lOrQlTzyTFOnoouydGyVosOjOMRbQ==",
      "requires": {
        "@timelaps/is": "1.0.15"
      }
    },
    "@timelaps/object": {
      "version": "1.0.23",
      "resolved": "https://registry.npmjs.org/@timelaps/object/-/object-1.0.23.tgz",
      "integrity": "sha512-TvVCz0olpfpxJrFo+a6VMYcAGE3XuUosZuKHgp7ffhB105pvqZP0dd5ZP5T0S8rZe8AcTAtm4+KKnWFM889F5w==",
      "requires": {
        "@timelaps/constants": "1.0.6",
        "@timelaps/fn": "1.0.19",
        "@timelaps/is": "1.0.15",
        "@timelaps/json": "1.0.4",
        "@timelaps/n": "1.0.40"
      }
    },
    "@timelaps/polyfill": {
      "version": "1.0.17",
      "resolved": "https://registry.npmjs.org/@timelaps/polyfill/-/polyfill-1.0.17.tgz",
      "integrity": "sha512-rg1+KZGIsw/TMOwq3kGCUxGDvPRswRZ7bkqkkCRqRV403HkRJIRbgQYeVlLZq3j5Wj/ow7y98IxBKgRw8QTsYw==",
      "requires": {
        "@timelaps/hacks": "1.0.7",
        "@timelaps/is": "1.0.15",
        "@timelaps/number": "1.0.3",
        "document-register-element": "1.7.0"
      }
    },
    "@timelaps/returns": {
      "version": "1.0.2",
      "resolved": "https://registry.npmjs.org/@timelaps/returns/-/returns-1.0.2.tgz",
      "integrity": "sha512-vRVGoi7FGV5h6ix6pnAJWq+FCj4qV41VXf9d+WYD3fk0GVpGe6yW4qNbrIDHqo6PTdFYSLuYXipAShKOZcdLtQ==",
      "requires": {
        "@timelaps/is": "1.0.15"
      }
    },
    "@timelaps/to": {
      "version": "1.0.11",
      "resolved": "https://registry.npmjs.org/@timelaps/to/-/to-1.0.11.tgz",
      "integrity": "sha512-WijSBFuA6JuM5VJL/3Rqk5i8CNXKTdrFtua0zOPcJ4PC9K2cpRvxfpgIoYVcngdThEf6yJWWbVxXvL6tqF8phA==",
      "requires": {
        "@timelaps/hacks": "1.0.7",
        "@timelaps/is": "1.0.15",
        "@timelaps/number": "1.0.3",
        "@timelaps/returns": "1.0.2"
      }
    },
    "document-register-element": {
      "version": "1.7.0",
      "resolved": "https://registry.npmjs.org/document-register-element/-/document-register-element-1.7.0.tgz",
      "integrity": "sha512-qAoWcNm1zW3LVO0KSblYISM0oLQzlNtns2gd1O/YS3QvFYFidG6lF73fC98fIbfPQkws698L0/URrtmN8+ADbQ=="
    },
    "matters": {
      "version": "1.0.3",
      "resolved": "https://registry.npmjs.org/matters/-/matters-1.0.3.tgz",
      "integrity": "sha1-mYwvr6xTvRABk/ypejk9rf2U4nM=",
      "dev": true
    },
    "minimatch": {
      "version": "3.0.4",
      "resolved": "https://registry.npmjs.org/minimatch/-/minimatch-3.0.4.tgz",
      "integrity": "sha512-yJHVQEhyqPLUTgt9B83PXu6W3rx4MvvHvSUvToogpwoGDOUQ+yDrR0HRot+yOCdCO7u4hX3pWft6kWBBcqh0UA==",
      "dev": true,
      "requires": {
        "brace-expansion": "1.1.8"
      }
    },
    "minimist": {
      "version": "0.0.8",
      "resolved": "https://registry.npmjs.org/minimist/-/minimist-0.0.8.tgz",
      "integrity": "sha1-hX/Kv8M5fSYluCKCYuhqp6ARsF0=",
      "dev": true
    },
    "mkdirp": {
      "version": "0.5.1",
      "resolved": "https://registry.npmjs.org/mkdirp/-/mkdirp-0.5.1.tgz",
      "integrity": "sha1-MAV0OOrGz3+MR2fzhkjWaX11yQM=",
      "dev": true,
      "requires": {
        "minimist": "0.0.8"
      }
    }
  }
}
